
Microsoft Visual Studio Solution File, Format Version 12.00
# Visual Studio Version 17
VisualStudioVersion = 17.11.35327.3
MinimumVisualStudioVersion = 10.0.40219.1
Project("{9A19103F-16F7-4668-BE54-9A1E7A4F7556}") = "MVC", "MVC.csproj", "{5DD840BB-6A3A-43C9-98B9-7B255AE2D11A}"
EndProject
Global
	GlobalSection(SolutionConfigurationPlatforms) = preSolution
		Debug|Any CPU = Debug|Any CPU
		Release|Any CPU = Release|Any CPU
	EndGlobalSection
	GlobalSection(ProjectConfigurationPlatforms) = postSolution
		{5DD840BB-6A3A-43C9-98B9-7B255AE2D11A}.Debug|Any CPU.ActiveCfg = Debug|Any CPU
		{5DD840BB-6A3A-43C9-98B9-7B255AE2D11A}.Debug|Any CPU.Build.0 = Debug|Any CPU
		{5DD840BB-6A3A-43C9-98B9-7B255AE2D11A}.Release|Any CPU.ActiveCfg = Release|Any CPU
		{5DD840BB-6A3A-43C9-98B9-7B255AE2D11A}.Release|Any CPU.Build.0 = Release|Any CPU
	EndGlobalSection
	GlobalSection(SolutionProperties) = preSolution
		HideSolutionNode = FALSE
	EndGlobalSection
	GlobalSection(ExtensibilityGlobals) = postSolution
		SolutionGuid = {0550C592-2EF2-4EBA-962D-B417C083C7E9}
	EndGlobalSection
EndGlobal
